
Microsoft Visual Studio Solution File, Format Version 12.00
# Visual Studio Version 17
VisualStudioVersion = 17.0.31903.59
MinimumVisualStudioVersion = 10.0.40219.1
Project("{2150E333-8FDC-42A3-9474-1A3956D46DE8}") = "src", "src", "{827E0CD3-B72D-47B6-A68D-7590B98EB39B}"
EndProject
Project("{FAE04EC0-301F-11D3-BF4B-00C04F79EFBC}") = "CryptoIntelligence.Api", "src\CryptoIntelligence.Api\CryptoIntelligence.Api.csproj", "{3E6292CC-CA45-469B-9E74-9D300B13ECB8}"
EndProject
Project("{FAE04EC0-301F-11D3-BF4B-00C04F79EFBC}") = "CryptoIntelligence.Application", "src\CryptoIntelligence.Application\CryptoIntelligence.Application.csproj", "{98EA5E78-B2B6-4AC6-893A-4AC92E60304B}"
EndProject
Project("{FAE04EC0-301F-11D3-BF4B-00C04F79EFBC}") = "CryptoIntelligence.Contracts", "src\CryptoIntelligence.Contracts\CryptoIntelligence.Contracts.csproj", "{994BCA90-8606-421C-9D9E-EA946F27D312}"
EndProject
Project("{FAE04EC0-301F-11D3-BF4B-00C04F79EFBC}") = "CryptoIntelligence.Domain", "src\CryptoIntelligence.Domain\CryptoIntelligence.Domain.csproj", "{0CD86664-2DF2-4413-A759-4F12529EA150}"
EndProject
Project("{FAE04EC0-301F-11D3-BF4B-00C04F79EFBC}") = "CryptoIntelligence.Infrastructure", "src\CryptoIntelligence.Infrastructure\CryptoIntelligence.Infrastructure.csproj", "{9A003C09-FCA1-4276-9354-77FCE80553DF}"
EndProject
Project("{FAE04EC0-301F-11D3-BF4B-00C04F79EFBC}") = "CryptoIntelligence.Worker", "src\CryptoIntelligence.Worker\CryptoIntelligence.Worker.csproj", "{8C8E6BCE-29B8-45C6-8339-C959B568D5BB}"
EndProject
Project("{2150E333-8FDC-42A3-9474-1A3956D46DE8}") = "tests", "tests", "{0AB3BF05-4346-4AA6-1389-037BE0695223}"
EndProject
Project("{FAE04EC0-301F-11D3-BF4B-00C04F79EFBC}") = "CryptoIntelligence.Application.Tests", "tests\CryptoIntelligence.Application.Tests\CryptoIntelligence.Application.Tests.csproj", "{A3D0841F-B7C8-4830-8EF6-D160748094CB}"
EndProject
Project("{FAE04EC0-301F-11D3-BF4B-00C04F79EFBC}") = "CryptoIntelligence.ArchitectureTests", "tests\CryptoIntelligence.ArchitectureTests\CryptoIntelligence.ArchitectureTests.csproj", "{97F1F4FE-A182-494D-BFAF-2510A074BCFC}"
EndProject
Project("{FAE04EC0-301F-11D3-BF4B-00C04F79EFBC}") = "CryptoIntelligence.Domain.Tests", "tests\CryptoIntelligence.Domain.Tests\CryptoIntelligence.Domain.Tests.csproj", "{86DA0936-88C7-4A74-90DC-16F14E450824}"
EndProject
Project("{FAE04EC0-301F-11D3-BF4B-00C04F79EFBC}") = "CryptoIntelligence.Infrastructure.Tests", "tests\CryptoIntelligence.Infrastructure.Tests\CryptoIntelligence.Infrastructure.Tests.csproj", "{B7BC31CC-300D-4DAD-98FF-B49E21945EA3}"
EndProject
Project("{FAE04EC0-301F-11D3-BF4B-00C04F79EFBC}") = "CryptoIntelligence.Api.Tests", "tests\CryptoIntelligence.Api.Tests\CryptoIntelligence.Api.Tests.csproj", "{50E62D97-0352-4C2B-8B77-3D53E3CEC9E2}"
EndProject
Global
	GlobalSection(SolutionConfigurationPlatforms) = preSolution
		Debug|Any CPU = Debug|Any CPU
		Debug|x64 = Debug|x64
		Debug|x86 = Debug|x86
		Release|Any CPU = Release|Any CPU
		Release|x64 = Release|x64
		Release|x86 = Release|x86
	EndGlobalSection
	GlobalSection(ProjectConfigurationPlatforms) = postSolution
		{3E6292CC-CA45-469B-9E74-9D300B13ECB8}.Debug|Any CPU.ActiveCfg = Debug|Any CPU
		{3E6292CC-CA45-469B-9E74-9D300B13ECB8}.Debug|Any CPU.Build.0 = Debug|Any CPU
		{3E6292CC-CA45-469B-9E74-9D300B13ECB8}.Debug|x64.ActiveCfg = Debug|Any CPU
		{3E6292CC-CA45-469B-9E74-9D300B13ECB8}.Debug|x64.Build.0 = Debug|Any CPU
		{3E6292CC-CA45-469B-9E74-9D300B13ECB8}.Debug|x86.ActiveCfg = Debug|Any CPU
		{3E6292CC-CA45-469B-9E74-9D300B13ECB8}.Debug|x86.Build.0 = Debug|Any CPU
		{3E6292CC-CA45-469B-9E74-9D300B13ECB8}.Release|Any CPU.ActiveCfg = Release|Any CPU
		{3E6292CC-CA45-469B-9E74-9D300B13ECB8}.Release|Any CPU.Build.0 = Release|Any CPU
		{3E6292CC-CA45-469B-9E74-9D300B13ECB8}.Release|x64.ActiveCfg = Release|Any CPU
		{3E6292CC-CA45-469B-9E74-9D300B13ECB8}.Release|x64.Build.0 = Release|Any CPU
		{3E6292CC-CA45-469B-9E74-9D300B13ECB8}.Release|x86.ActiveCfg = Release|Any CPU
		{3E6292CC-CA45-469B-9E74-9D300B13ECB8}.Release|x86.Build.0 = Release|Any CPU
		{98EA5E78-B2B6-4AC6-893A-4AC92E60304B}.Debug|Any CPU.ActiveCfg = Debug|Any CPU
		{98EA5E78-B2B6-4AC6-893A-4AC92E60304B}.Debug|Any CPU.Build.0 = Debug|Any CPU
		{98EA5E78-B2B6-4AC6-893A-4AC92E60304B}.Debug|x64.ActiveCfg = Debug|Any CPU
		{98EA5E78-B2B6-4AC6-893A-4AC92E60304B}.Debug|x64.Build.0 = Debug|Any CPU
		{98EA5E78-B2B6-4AC6-893A-4AC92E60304B}.Debug|x86.ActiveCfg = Debug|Any CPU
		{98EA5E78-B2B6-4AC6-893A-4AC92E60304B}.Debug|x86.Build.0 = Debug|Any CPU
		{98EA5E78-B2B6-4AC6-893A-4AC92E60304B}.Release|Any CPU.ActiveCfg = Release|Any CPU
		{98EA5E78-B2B6-4AC6-893A-4AC92E60304B}.Release|Any CPU.Build.0 = Release|Any CPU
		{98EA5E78-B2B6-4AC6-893A-4AC92E60304B}.Release|x64.ActiveCfg = Release|Any CPU
		{98EA5E78-B2B6-4AC6-893A-4AC92E60304B}.Release|x64.Build.0 = Release|Any CPU
		{98EA5E78-B2B6-4AC6-893A-4AC92E60304B}.Release|x86.ActiveCfg = Release|Any CPU
		{98EA5E78-B2B6-4AC6-893A-4AC92E60304B}.Release|x86.Build.0 = Release|Any CPU
		{994BCA90-8606-421C-9D9E-EA946F27D312}.Debug|Any CPU.ActiveCfg = Debug|Any CPU
		{994BCA90-8606-421C-9D9E-EA946F27D312}.Debug|Any CPU.Build.0 = Debug|Any CPU
		{994BCA90-8606-421C-9D9E-EA946F27D312}.Debug|x64.ActiveCfg = Debug|Any CPU
		{994BCA90-8606-421C-9D9E-EA946F27D312}.Debug|x64.Build.0 = Debug|Any CPU
		{994BCA90-8606-421C-9D9E-EA946F27D312}.Debug|x86.ActiveCfg = Debug|Any CPU
		{994BCA90-8606-421C-9D9E-EA946F27D312}.Debug|x86.Build.0 = Debug|Any CPU
		{994BCA90-8606-421C-9D9E-EA946F27D312}.Release|Any CPU.ActiveCfg = Release|Any CPU
		{994BCA90-8606-421C-9D9E-EA946F27D312}.Release|Any CPU.Build.0 = Release|Any CPU
		{994BCA90-8606-421C-9D9E-EA946F27D312}.Release|x64.ActiveCfg = Release|Any CPU
		{994BCA90-8606-421C-9D9E-EA946F27D312}.Release|x64.Build.0 = Release|Any CPU
		{994BCA90-8606-421C-9D9E-EA946F27D312}.Release|x86.ActiveCfg = Release|Any CPU
		{994BCA90-8606-421C-9D9E-EA946F27D312}.Release|x86.Build.0 = Release|Any CPU
		{0CD86664-2DF2-4413-A759-4F12529EA150}.Debug|Any CPU.ActiveCfg = Debug|Any CPU
		{0CD86664-2DF2-4413-A759-4F12529EA150}.Debug|Any CPU.Build.0 = Debug|Any CPU
		{0CD86664-2DF2-4413-A759-4F12529EA150}.Debug|x64.ActiveCfg = Debug|Any CPU
		{0CD86664-2DF2-4413-A759-4F12529EA150}.Debug|x64.Build.0 = Debug|Any CPU
		{0CD86664-2DF2-4413-A759-4F12529EA150}.Debug|x86.ActiveCfg = Debug|Any CPU
		{0CD86664-2DF2-4413-A759-4F12529EA150}.Debug|x86.Build.0 = Debug|Any CPU
		{0CD86664-2DF2-4413-A759-4F12529EA150}.Release|Any CPU.ActiveCfg = Release|Any CPU
		{0CD86664-2DF2-4413-A759-4F12529EA150}.Release|Any CPU.Build.0 = Release|Any CPU
		{0CD86664-2DF2-4413-A759-4F12529EA150}.Release|x64.ActiveCfg = Release|Any CPU
		{0CD86664-2DF2-4413-A759-4F12529EA150}.Release|x64.Build.0 = Release|Any CPU
		{0CD86664-2DF2-4413-A759-4F12529EA150}.Release|x86.ActiveCfg = Release|Any CPU
		{0CD86664-2DF2-4413-A759-4F12529EA150}.Release|x86.Build.0 = Release|Any CPU
		{9A003C09-FCA1-4276-9354-77FCE80553DF}.Debug|Any CPU.ActiveCfg = Debug|Any CPU
		{9A003C09-FCA1-4276-9354-77FCE80553DF}.Debug|Any CPU.Build.0 = Debug|Any CPU
		{9A003C09-FCA1-4276-9354-77FCE80553DF}.Debug|x64.ActiveCfg = Debug|Any CPU
		{9A003C09-FCA1-4276-9354-77FCE80553DF}.Debug|x64.Build.0 = Debug|Any CPU
		{9A003C09-FCA1-4276-9354-77FCE80553DF}.Debug|x86.ActiveCfg = Debug|Any CPU
		{9A003C09-FCA1-4276-9354-77FCE80553DF}.Debug|x86.Build.0 = Debug|Any CPU
		{9A003C09-FCA1-4276-9354-77FCE80553DF}.Release|Any CPU.ActiveCfg = Release|Any CPU
		{9A003C09-FCA1-4276-9354-77FCE80553DF}.Release|Any CPU.Build.0 = Release|Any CPU
		{9A003C09-FCA1-4276-9354-77FCE80553DF}.Release|x64.ActiveCfg = Release|Any CPU
		{9A003C09-FCA1-4276-9354-77FCE80553DF}.Release|x64.Build.0 = Release|Any CPU
		{9A003C09-FCA1-4276-9354-77FCE80553DF}.Release|x86.ActiveCfg = Release|Any CPU
		{9A003C09-FCA1-4276-9354-77FCE80553DF}.Release|x86.Build.0 = Release|Any CPU
		{8C8E6BCE-29B8-45C6-8339-C959B568D5BB}.Debug|Any CPU.ActiveCfg = Debug|Any CPU
		{8C8E6BCE-29B8-45C6-8339-C959B568D5BB}.Debug|Any CPU.Build.0 = Debug|Any CPU
		{8C8E6BCE-29B8-45C6-8339-C959B568D5BB}.Debug|x64.ActiveCfg = Debug|Any CPU
		{8C8E6BCE-29B8-45C6-8339-C959B568D5BB}.Debug|x64.Build.0 = Debug|Any CPU
		{8C8E6BCE-29B8-45C6-8339-C959B568D5BB}.Debug|x86.ActiveCfg = Debug|Any CPU
		{8C8E6BCE-29B8-45C6-8339-C959B568D5BB}.Debug|x86.Build.0 = Debug|Any CPU
		{8C8E6BCE-29B8-45C6-8339-C959B568D5BB}.Release|Any CPU.ActiveCfg = Release|Any CPU
		{8C8E6BCE-29B8-45C6-8339-C959B568D5BB}.Release|Any CPU.Build.0 = Release|Any CPU
		{8C8E6BCE-29B8-45C6-8339-C959B568D5BB}.Release|x64.ActiveCfg = Release|Any CPU
		{8C8E6BCE-29B8-45C6-8339-C959B568D5BB}.Release|x64.Build.0 = Release|Any CPU
		{8C8E6BCE-29B8-45C6-8339-C959B568D5BB}.Release|x86.ActiveCfg = Release|Any CPU
		{8C8E6BCE-29B8-45C6-8339-C959B568D5BB}.Release|x86.Build.0 = Release|Any CPU
		{A3D0841F-B7C8-4830-8EF6-D160748094CB}.Debug|Any CPU.ActiveCfg = Debug|Any CPU
		{A3D0841F-B7C8-4830-8EF6-D160748094CB}.Debug|Any CPU.Build.0 = Debug|Any CPU
		{A3D0841F-B7C8-4830-8EF6-D160748094CB}.Debug|x64.ActiveCfg = Debug|Any CPU
		{A3D0841F-B7C8-4830-8EF6-D160748094CB}.Debug|x64.Build.0 = Debug|Any CPU
		{A3D0841F-B7C8-4830-8EF6-D160748094CB}.Debug|x86.ActiveCfg = Debug|Any CPU
		{A3D0841F-B7C8-4830-8EF6-D160748094CB}.Debug|x86.Build.0 = Debug|Any CPU
		{A3D0841F-B7C8-4830-8EF6-D160748094CB}.Release|Any CPU.ActiveCfg = Release|Any CPU
		{A3D0841F-B7C8-4830-8EF6-D160748094CB}.Release|Any CPU.Build.0 = Release|Any CPU
		{A3D0841F-B7C8-4830-8EF6-D160748094CB}.Release|x64.ActiveCfg = Release|Any CPU
		{A3D0841F-B7C8-4830-8EF6-D160748094CB}.Release|x64.Build.0 = Release|Any CPU
		{A3D0841F-B7C8-4830-8EF6-D160748094CB}.Release|x86.ActiveCfg = Release|Any CPU
		{A3D0841F-B7C8-4830-8EF6-D160748094CB}.Release|x86.Build.0 = Release|Any CPU
		{97F1F4FE-A182-494D-BFAF-2510A074BCFC}.Debug|Any CPU.ActiveCfg = Debug|Any CPU
		{97F1F4FE-A182-494D-BFAF-2510A074BCFC}.Debug|Any CPU.Build.0 = Debug|Any CPU
		{97F1F4FE-A182-494D-BFAF-2510A074BCFC}.Debug|x64.ActiveCfg = Debug|Any CPU
		{97F1F4FE-A182-494D-BFAF-2510A074BCFC}.Debug|x64.Build.0 = Debug|Any CPU
		{97F1F4FE-A182-494D-BFAF-2510A074BCFC}.Debug|x86.ActiveCfg = Debug|Any CPU
		{97F1F4FE-A182-494D-BFAF-2510A074BCFC}.Debug|x86.Build.0 = Debug|Any CPU
		{97F1F4FE-A182-494D-BFAF-2510A074BCFC}.Release|Any CPU.ActiveCfg = Release|Any CPU
		{97F1F4FE-A182-494D-BFAF-2510A074BCFC}.Release|Any CPU.Build.0 = Release|Any CPU
		{97F1F4FE-A182-494D-BFAF-2510A074BCFC}.Release|x64.ActiveCfg = Release|Any CPU
		{97F1F4FE-A182-494D-BFAF-2510A074BCFC}.Release|x64.Build.0 = Release|Any CPU
		{97F1F4FE-A182-494D-BFAF-2510A074BCFC}.Release|x86.ActiveCfg = Release|Any CPU
		{97F1F4FE-A182-494D-BFAF-2510A074BCFC}.Release|x86.Build.0 = Release|Any CPU
		{86DA0936-88C7-4A74-90DC-16F14E450824}.Debug|Any CPU.ActiveCfg = Debug|Any CPU
		{86DA0936-88C7-4A74-90DC-16F14E450824}.Debug|Any CPU.Build.0 = Debug|Any CPU
		{86DA0936-88C7-4A74-90DC-16F14E450824}.Debug|x64.ActiveCfg = Debug|Any CPU
		{86DA0936-88C7-4A74-90DC-16F14E450824}.Debug|x64.Build.0 = Debug|Any CPU
		{86DA0936-88C7-4A74-90DC-16F14E450824}.Debug|x86.ActiveCfg = Debug|Any CPU
		{86DA0936-88C7-4A74-90DC-16F14E450824}.Debug|x86.Build.0 = Debug|Any CPU
		{86DA0936-88C7-4A74-90DC-16F14E450824}.Release|Any CPU.ActiveCfg = Release|Any CPU
		{86DA0936-88C7-4A74-90DC-16F14E450824}.Release|Any CPU.Build.0 = Release|Any CPU
		{86DA0936-88C7-4A74-90DC-16F14E450824}.Release|x64.ActiveCfg = Release|Any CPU
		{86DA0936-88C7-4A74-90DC-16F14E450824}.Release|x64.Build.0 = Release|Any CPU
		{86DA0936-88C7-4A74-90DC-16F14E450824}.Release|x86.ActiveCfg = Release|Any CPU
		{86DA0936-88C7-4A74-90DC-16F14E450824}.Release|x86.Build.0 = Release|Any CPU
		{B7BC31CC-300D-4DAD-98FF-B49E21945EA3}.Debug|Any CPU.ActiveCfg = Debug|Any CPU
		{B7BC31CC-300D-4DAD-98FF-B49E21945EA3}.Debug|Any CPU.Build.0 = Debug|Any CPU
		{B7BC31CC-300D-4DAD-98FF-B49E21945EA3}.Debug|x64.ActiveCfg = Debug|Any CPU
		{B7BC31CC-300D-4DAD-98FF-B49E21945EA3}.Debug|x64.Build.0 = Debug|Any CPU
		{B7BC31CC-300D-4DAD-98FF-B49E21945EA3}.Debug|x86.ActiveCfg = Debug|Any CPU
		{B7BC31CC-300D-4DAD-98FF-B49E21945EA3}.Debug|x86.Build.0 = Debug|Any CPU
		{B7BC31CC-300D-4DAD-98FF-B49E21945EA3}.Release|Any CPU.ActiveCfg = Release|Any CPU
		{B7BC31CC-300D-4DAD-98FF-B49E21945EA3}.Release|Any CPU.Build.0 = Release|Any CPU
		{B7BC31CC-300D-4DAD-98FF-B49E21945EA3}.Release|x64.ActiveCfg = Release|Any CPU
		{B7BC31CC-300D-4DAD-98FF-B49E21945EA3}.Release|x64.Build.0 = Release|Any CPU
		{B7BC31CC-300D-4DAD-98FF-B49E21945EA3}.Release|x86.ActiveCfg = Release|Any CPU
		{B7BC31CC-300D-4DAD-98FF-B49E21945EA3}.Release|x86.Build.0 = Release|Any CPU
		{50E62D97-0352-4C2B-8B77-3D53E3CEC9E2}.Debug|Any CPU.ActiveCfg = Debug|Any CPU
		{50E62D97-0352-4C2B-8B77-3D53E3CEC9E2}.Debug|Any CPU.Build.0 = Debug|Any CPU
		{50E62D97-0352-4C2B-8B77-3D53E3CEC9E2}.Debug|x64.ActiveCfg = Debug|Any CPU
		{50E62D97-0352-4C2B-8B77-3D53E3CEC9E2}.Debug|x64.Build.0 = Debug|Any CPU
		{50E62D97-0352-4C2B-8B77-3D53E3CEC9E2}.Debug|x86.ActiveCfg = Debug|Any CPU
		{50E62D97-0352-4C2B-8B77-3D53E3CEC9E2}.Debug|x86.Build.0 = Debug|Any CPU
		{50E62D97-0352-4C2B-8B77-3D53E3CEC9E2}.Release|Any CPU.ActiveCfg = Release|Any CPU
		{50E62D97-0352-4C2B-8B77-3D53E3CEC9E2}.Release|Any CPU.Build.0 = Release|Any CPU
		{50E62D97-0352-4C2B-8B77-3D53E3CEC9E2}.Release|x64.ActiveCfg = Release|Any CPU
		{50E62D97-0352-4C2B-8B77-3D53E3CEC9E2}.Release|x64.Build.0 = Release|Any CPU
		{50E62D97-0352-4C2B-8B77-3D53E3CEC9E2}.Release|x86.ActiveCfg = Release|Any CPU
		{50E62D97-0352-4C2B-8B77-3D53E3CEC9E2}.Release|x86.Build.0 = Release|Any CPU
	EndGlobalSection
	GlobalSection(SolutionProperties) = preSolution
		HideSolutionNode = FALSE
	EndGlobalSection
	GlobalSection(NestedProjects) = preSolution
		{3E6292CC-CA45-469B-9E74-9D300B13ECB8} = {827E0CD3-B72D-47B6-A68D-7590B98EB39B}
		{98EA5E78-B2B6-4AC6-893A-4AC92E60304B} = {827E0CD3-B72D-47B6-A68D-7590B98EB39B}
		{994BCA90-8606-421C-9D9E-EA946F27D312} = {827E0CD3-B72D-47B6-A68D-7590B98EB39B}
		{0CD86664-2DF2-4413-A759-4F12529EA150} = {827E0CD3-B72D-47B6-A68D-7590B98EB39B}
		{9A003C09-FCA1-4276-9354-77FCE80553DF} = {827E0CD3-B72D-47B6-A68D-7590B98EB39B}
		{8C8E6BCE-29B8-45C6-8339-C959B568D5BB} = {827E0CD3-B72D-47B6-A68D-7590B98EB39B}
		{A3D0841F-B7C8-4830-8EF6-D160748094CB} = {0AB3BF05-4346-4AA6-1389-037BE0695223}
		{97F1F4FE-A182-494D-BFAF-2510A074BCFC} = {0AB3BF05-4346-4AA6-1389-037BE0695223}
		{86DA0936-88C7-4A74-90DC-16F14E450824} = {0AB3BF05-4346-4AA6-1389-037BE0695223}
		{B7BC31CC-300D-4DAD-98FF-B49E21945EA3} = {0AB3BF05-4346-4AA6-1389-037BE0695223}
		{50E62D97-0352-4C2B-8B77-3D53E3CEC9E2} = {0AB3BF05-4346-4AA6-1389-037BE0695223}
	EndGlobalSection
EndGlobal
